
Microsoft Visual Studio Solution File, Format Version 12.00
# Visual Studio 15
Project("{FAE04EC0-301F-11D3-BF4B-00C04F79EFBC}") = "Assembly-CSharp", "Assembly-CSharp.csproj", "{ABF58BB1-90AB-FBF5-0A46-25ED290D8E9A}"
EndProject
Project("{FAE04EC0-301F-11D3-BF4B-00C04F79EFBC}") = "Assembly-CSharp-firstpass", "Assembly-CSharp-firstpass.csproj", "{765489D8-2513-83D6-29EB-4582D6B45210}"
EndProject
Project("{FAE04EC0-301F-11D3-BF4B-00C04F79EFBC}") = "Assembly-CSharp-Editor", "Assembly-CSharp-Editor.csproj", "{61033724-A4D7-5E31-01BD-032BB378E131}"
EndProject
Global
	GlobalSection(SolutionConfigurationPlatforms) = preSolution
		Debug|Any CPU = Debug|Any CPU
		Release|Any CPU = Release|Any CPU
	EndGlobalSection
	GlobalSection(ProjectConfigurationPlatforms) = postSolution
		{ABF58BB1-90AB-FBF5-0A46-25ED290D8E9A}.Debug|Any CPU.ActiveCfg = Debug|Any CPU
		{ABF58BB1-90AB-FBF5-0A46-25ED290D8E9A}.Debug|Any CPU.Build.0 = Debug|Any CPU
		{ABF58BB1-90AB-FBF5-0A46-25ED290D8E9A}.Release|Any CPU.ActiveCfg = Release|Any CPU
		{ABF58BB1-90AB-FBF5-0A46-25ED290D8E9A}.Release|Any CPU.Build.0 = Release|Any CPU
		{765489D8-2513-83D6-29EB-4582D6B45210}.Debug|Any CPU.ActiveCfg = Debug|Any CPU
		{765489D8-2513-83D6-29EB-4582D6B45210}.Debug|Any CPU.Build.0 = Debug|Any CPU
		{765489D8-2513-83D6-29EB-4582D6B45210}.Release|Any CPU.ActiveCfg = Release|Any CPU
		{765489D8-2513-83D6-29EB-4582D6B45210}.Release|Any CPU.Build.0 = Release|Any CPU
		{61033724-A4D7-5E31-01BD-032BB378E131}.Debug|Any CPU.ActiveCfg = Debug|Any CPU
		{61033724-A4D7-5E31-01BD-032BB378E131}.Debug|Any CPU.Build.0 = Debug|Any CPU
		{61033724-A4D7-5E31-01BD-032BB378E131}.Release|Any CPU.ActiveCfg = Release|Any CPU
		{61033724-A4D7-5E31-01BD-032BB378E131}.Release|Any CPU.Build.0 = Release|Any CPU
	EndGlobalSection
	GlobalSection(SolutionProperties) = preSolution
		HideSolutionNode = FALSE
	EndGlobalSection
EndGlobal
